{
    "name": "base-lambda-typescript",
    "requires": true,
    "lockfileVersion": 1,
    "dependencies": {
        "@types/aws-lambda": {
            "version": "8.10.39",
            "resolved": "https://registry.npmjs.org/@types/aws-lambda/-/aws-lambda-8.10.39.tgz",
            "integrity": "sha512-6qxQ4wS636AapVvDbzltI/Xn69QWxjcvohvxd/+MTWzdE9Vqz1xgERr38jEbBGEkyyG8y819nAhjGsiY6KNh1A=="
        },
        "@types/mysql": {
            "version": "2.15.19",
            "resolved": "https://registry.npmjs.org/@types/mysql/-/mysql-2.15.19.tgz",
            "integrity": "sha512-wSRg2QZv14CWcZXkgdvHbbV2ACufNy5EgI8mBBxnJIptchv7DBy/h53VMa2jDhyo0C9MO4iowE6z9vF8Ja1DkQ==",
            "optional": true,
            "requires": {
                "@types/node": "*"
            }
        },
        "@types/node": {
            "version": "13.1.4",
            "resolved": "https://registry.npmjs.org/@types/node/-/node-13.1.4.tgz",
            "integrity": "sha512-Lue/mlp2egZJoHXZr4LndxDAd7i/7SQYhV0EjWfb/a4/OZ6tuVwMCVPiwkU5nsEipxEf7hmkSU7Em5VQ8P5NGA=="
        },
        "aws-sdk": {
            "version": "2.1030.0",
            "resolved": "https://registry.npmjs.org/aws-sdk/-/aws-sdk-2.1030.0.tgz",
            "integrity": "sha512-to0STOb8DsSGuSsUb/WCbg/UFnMGfIYavnJH5ZlRCHzvCFjTyR+vfE8ku+qIZvfFM4+5MNTQC/Oxfun2X/TuyA==",
            "dev": true,
            "requires": {
                "buffer": "4.9.2",
                "events": "1.1.1",
                "ieee754": "1.1.13",
                "jmespath": "0.15.0",
                "querystring": "0.2.0",
                "sax": "1.2.1",
                "url": "0.10.3",
                "uuid": "3.3.2",
                "xml2js": "0.4.19"
            },
            "dependencies": {
                "buffer": {
                    "version": "4.9.2",
                    "resolved": "https://registry.npmjs.org/buffer/-/buffer-4.9.2.tgz",
                    "integrity": "sha512-xq+q3SRMOxGivLhBNaUdC64hDTQwejJ+H0T/NB1XMtTVEwNTrfFF3gAxiyW0Bu/xWEGhjVKgUcMhCrUy2+uCWg==",
                    "dev": true,
                    "requires": {
                        "base64-js": "^1.0.2",
                        "ieee754": "^1.1.4",
                        "isarray": "^1.0.0"
                    }
                }
            }
        },
        "aws-sdk-typescript": {
            "version": "0.0.3",
            "resolved": "https://registry.npmjs.org/aws-sdk-typescript/-/aws-sdk-typescript-0.0.3.tgz",
            "integrity": "sha1-/QpeFc+srgTPA7dEvvCBlAZpLIA=",
            "dev": true,
            "requires": {
                "aws-sdk": ">=2.2.32"
            }
        },
        "balanced-match": {
            "version": "1.0.0",
            "resolved": "https://registry.npmjs.org/balanced-match/-/balanced-match-1.0.0.tgz",
            "integrity": "sha1-ibTRmasr7kneFk6gK4nORi1xt2c=",
            "dev": true
        },
        "base64-js": {
            "version": "1.3.1",
            "resolved": "https://registry.npmjs.org/base64-js/-/base64-js-1.3.1.tgz",
            "integrity": "sha512-mLQ4i2QO1ytvGWFWmcngKO//JXAQueZvwEKtjgQFM4jIK0kU+ytMfplL8j+n5mspOfjHwoAg+9yhb7BwAHm36g==",
            "dev": true
        },
        "bignumber.js": {
            "version": "9.0.0",
            "resolved": "https://registry.npmjs.org/bignumber.js/-/bignumber.js-9.0.0.tgz",
            "integrity": "sha512-t/OYhhJ2SD+YGBQcjY8GzzDHEk9f3nerxjtfa6tlMXfe7frs/WozhvCNoGvpM0P3bNf3Gq5ZRMlGr5f3r4/N8A=="
        },
        "brace-expansion": {
            "version": "1.1.11",
            "resolved": "https://registry.npmjs.org/brace-expansion/-/brace-expansion-1.1.11.tgz",
            "integrity": "sha512-iCuPHDFgrHX7H2vEI/5xpz07zSHB00TpugqhmYtVmMO6518mCuRMoOYFldEBl0g187ufozdaHgWKcYFb61qGiA==",
            "dev": true,
            "requires": {
                "balanced-match": "^1.0.0",
                "concat-map": "0.0.1"
            }
        },
        "concat-map": {
            "version": "0.0.1",
            "resolved": "https://registry.npmjs.org/concat-map/-/concat-map-0.0.1.tgz",
            "integrity": "sha1-2Klr13/Wjfd5OnMDajug1UBdR3s=",
            "dev": true
        },
        "core-util-is": {
            "version": "1.0.3",
            "resolved": "https://registry.npmjs.org/core-util-is/-/core-util-is-1.0.3.tgz",
            "integrity": "sha512-ZQBvi1DcpJ4GDqanjucZ2Hj3wEO5pZDS89BWbkcrvdxksJorwUDDZamX9ldFkp9aw2lmBDLgkObEA4DWNJ9FYQ=="
        },
        "events": {
            "version": "1.1.1",
            "resolved": "https://registry.npmjs.org/events/-/events-1.1.1.tgz",
            "integrity": "sha1-nr23Y1rQmccNzEwqH1AEKI6L2SQ=",
            "dev": true
        },
        "fs.realpath": {
            "version": "1.0.0",
            "resolved": "https://registry.npmjs.org/fs.realpath/-/fs.realpath-1.0.0.tgz",
            "integrity": "sha1-FQStJSMVjKpA20onh8sBQRmU6k8=",
            "dev": true
        },
        "glob": {
            "version": "7.1.6",
            "resolved": "https://registry.npmjs.org/glob/-/glob-7.1.6.tgz",
            "integrity": "sha512-LwaxwyZ72Lk7vZINtNNrywX0ZuLyStrdDtabefZKAY5ZGJhVtgdznluResxNmPitE0SAO+O26sWTHeKSI2wMBA==",
            "dev": true,
            "requires": {
                "fs.realpath": "^1.0.0",
                "inflight": "^1.0.4",
                "inherits": "2",
                "minimatch": "^3.0.4",
                "once": "^1.3.0",
                "path-is-absolute": "^1.0.0"
            }
        },
        "ieee754": {
            "version": "1.1.13",
            "resolved": "https://registry.npmjs.org/ieee754/-/ieee754-1.1.13.tgz",
            "integrity": "sha512-4vf7I2LYV/HaWerSo3XmlMkp5eZ83i+/CDluXi/IGTs/O1sejBNhTtnxzmRZfvOUqj7lZjqHkeTvpgSFDlWZTg==",
            "dev": true
        },
        "inflight": {
            "version": "1.0.6",
            "resolved": "https://registry.npmjs.org/inflight/-/inflight-1.0.6.tgz",
            "integrity": "sha1-Sb1jMdfQLQwJvJEKEHW6gWW1bfk=",
            "dev": true,
            "requires": {
                "once": "^1.3.0",
                "wrappy": "1"
            }
        },
        "inherits": {
            "version": "2.0.4",
            "resolved": "https://registry.npmjs.org/inherits/-/inherits-2.0.4.tgz",
            "integrity": "sha512-k/vGaX4/Yla3WzyMCvTQOXYeIHvqOKtnqBduzTHpzpQZzAskKMhZ2K+EnBiSM9zGSoIFeMpXKxa4dYeZIQqewQ=="
        },
        "isarray": {
            "version": "1.0.0",
            "resolved": "https://registry.npmjs.org/isarray/-/isarray-1.0.0.tgz",
            "integrity": "sha1-u5NdSFgsuhaMBoNJV6VKPgcSTxE="
        },
        "jmespath": {
            "version": "0.15.0",
            "resolved": "https://registry.npmjs.org/jmespath/-/jmespath-0.15.0.tgz",
            "integrity": "sha1-o/Iiqarp+Wb10nx5ZRDigJF2Qhc=",
            "dev": true
        },
        "minimatch": {
            "version": "3.0.4",
            "resolved": "https://registry.npmjs.org/minimatch/-/minimatch-3.0.4.tgz",
            "integrity": "sha512-yJHVQEhyqPLUTgt9B83PXu6W3rx4MvvHvSUvToogpwoGDOUQ+yDrR0HRot+yOCdCO7u4hX3pWft6kWBBcqh0UA==",
            "dev": true,
            "requires": {
                "brace-expansion": "^1.1.7"
            }
        },
        "mysql": {
            "version": "2.18.1",
            "resolved": "https://registry.npmjs.org/mysql/-/mysql-2.18.1.tgz",
            "integrity": "sha512-Bca+gk2YWmqp2Uf6k5NFEurwY/0td0cpebAucFpY/3jhrwrVGuxU2uQFCHjU19SJfje0yQvi+rVWdq78hR5lig==",
            "requires": {
                "bignumber.js": "9.0.0",
                "readable-stream": "2.3.7",
                "safe-buffer": "5.1.2",
                "sqlstring": "2.3.1"
            }
        },
        "once": {
            "version": "1.4.0",
            "resolved": "https://registry.npmjs.org/once/-/once-1.4.0.tgz",
            "integrity": "sha1-WDsap3WWHUsROsF9nFC6753Xa9E=",
            "dev": true,
            "requires": {
                "wrappy": "1"
            }
        },
        "path-is-absolute": {
            "version": "1.0.1",
            "resolved": "https://registry.npmjs.org/path-is-absolute/-/path-is-absolute-1.0.1.tgz",
            "integrity": "sha1-F0uSaHNVNP+8es5r9TpanhtcX18=",
            "dev": true
        },
        "process-nextick-args": {
            "version": "2.0.1",
            "resolved": "https://registry.npmjs.org/process-nextick-args/-/process-nextick-args-2.0.1.tgz",
            "integrity": "sha512-3ouUOpQhtgrbOa17J7+uxOTpITYWaGP7/AhoR3+A+/1e9skrzelGi/dXzEYyvbxubEF6Wn2ypscTKiKJFFn1ag=="
        },
        "punycode": {
            "version": "1.3.2",
            "resolved": "https://registry.npmjs.org/punycode/-/punycode-1.3.2.tgz",
            "integrity": "sha1-llOgNvt8HuQjQvIyXM7v6jkmxI0=",
            "dev": true
        },
        "querystring": {
            "version": "0.2.0",
            "resolved": "https://registry.npmjs.org/querystring/-/querystring-0.2.0.tgz",
            "integrity": "sha1-sgmEkgO7Jd+CDadW50cAWHhSFiA=",
            "dev": true
        },
        "readable-stream": {
            "version": "2.3.7",
            "resolved": "https://registry.npmjs.org/readable-stream/-/readable-stream-2.3.7.tgz",
            "integrity": "sha512-Ebho8K4jIbHAxnuxi7o42OrZgF/ZTNcsZj6nRKyUmkhLFq8CHItp/fy6hQZuZmP/n3yZ9VBUbp4zz/mX8hmYPw==",
            "requires": {
                "core-util-is": "~1.0.0",
                "inherits": "~2.0.3",
                "isarray": "~1.0.0",
                "process-nextick-args": "~2.0.0",
                "safe-buffer": "~5.1.1",
                "string_decoder": "~1.1.1",
                "util-deprecate": "~1.0.1"
            }
        },
        "rimraf": {
            "version": "3.0.1",
            "resolved": "https://registry.npmjs.org/rimraf/-/rimraf-3.0.1.tgz",
            "integrity": "sha512-IQ4ikL8SjBiEDZfk+DFVwqRK8md24RWMEJkdSlgNLkyyAImcjf8SWvU1qFMDOb4igBClbTQ/ugPqXcRwdFTxZw==",
            "dev": true,
            "requires": {
                "glob": "^7.1.3"
            }
        },
        "safe-buffer": {
            "version": "5.1.2",
            "resolved": "https://registry.npmjs.org/safe-buffer/-/safe-buffer-5.1.2.tgz",
            "integrity": "sha512-Gd2UZBJDkXlY7GbJxfsE8/nvKkUEU1G38c1siN6QP6a9PT9MmHB8GnpscSmMJSoF8LOIrt8ud/wPtojys4G6+g=="
        },
        "sax": {
            "version": "1.2.1",
            "resolved": "https://registry.npmjs.org/sax/-/sax-1.2.1.tgz",
            "integrity": "sha1-e45lYZCyKOgaZq6nSEgNgozS03o=",
            "dev": true
        },
        "serverless-mysql": {
            "version": "1.5.4",
            "resolved": "https://registry.npmjs.org/serverless-mysql/-/serverless-mysql-1.5.4.tgz",
            "integrity": "sha512-q7hJh8NivO2g4CcZ7wy3KTctsFpqx/P4zrVJTwsJJoV9v9QouGv0IFLKXW0rkOqbHSQRvth/eTbf7noYBJzPiQ==",
            "requires": {
                "@types/mysql": "^2.15.6",
                "mysql": "^2.18.1"
            }
        },
        "sqlstring": {
            "version": "2.3.1",
            "resolved": "https://registry.npmjs.org/sqlstring/-/sqlstring-2.3.1.tgz",
            "integrity": "sha1-R1OT/56RR5rqYtyvDKPRSYOn+0A="
        },
        "string_decoder": {
            "version": "1.1.1",
            "resolved": "https://registry.npmjs.org/string_decoder/-/string_decoder-1.1.1.tgz",
            "integrity": "sha512-n/ShnvDi6FHbbVfviro+WojiFzv+s8MPMHBczVePfUpDJLwoLT0ht1l4YwBCbi8pJAveEEdnkHyPyTP/mzRfwg==",
            "requires": {
                "safe-buffer": "~5.1.0"
            }
        },
        "typescript": {
            "version": "3.7.4",
            "resolved": "https://registry.npmjs.org/typescript/-/typescript-3.7.4.tgz",
            "integrity": "sha512-A25xv5XCtarLwXpcDNZzCGvW2D1S3/bACratYBx2sax8PefsFhlYmkQicKHvpYflFS8if4zne5zT5kpJ7pzuvw=="
        },
        "url": {
            "version": "0.10.3",
            "resolved": "https://registry.npmjs.org/url/-/url-0.10.3.tgz",
            "integrity": "sha1-Ah5NnHcF8hu/N9A861h2dAJ3TGQ=",
            "dev": true,
            "requires": {
                "punycode": "1.3.2",
                "querystring": "0.2.0"
            }
        },
        "util-deprecate": {
            "version": "1.0.2",
            "resolved": "https://registry.npmjs.org/util-deprecate/-/util-deprecate-1.0.2.tgz",
            "integrity": "sha1-RQ1Nyfpw3nMnYvvS1KKJgUGaDM8="
        },
        "uuid": {
            "version": "3.3.2",
            "resolved": "https://registry.npmjs.org/uuid/-/uuid-3.3.2.tgz",
            "integrity": "sha512-yXJmeNaw3DnnKAOKJE51sL/ZaYfWJRl1pK9dr19YFCu0ObS231AB1/LbqTKRAQ5kw8A90rA6fr4riOUpTZvQZA==",
            "dev": true
        },
        "wrappy": {
            "version": "1.0.2",
            "resolved": "https://registry.npmjs.org/wrappy/-/wrappy-1.0.2.tgz",
            "integrity": "sha1-tSQ9jz7BqjXxNkYFvA0QNuMKtp8=",
            "dev": true
        },
        "xml2js": {
            "version": "0.4.19",
            "resolved": "https://registry.npmjs.org/xml2js/-/xml2js-0.4.19.tgz",
            "integrity": "sha512-esZnJZJOiJR9wWKMyuvSE1y6Dq5LCuJanqhxslH2bxM6duahNZ+HMpCLhBQGZkbX6xRf8x1Y2eJlgt2q3qo49Q==",
            "dev": true,
            "requires": {
                "sax": ">=0.6.0",
                "xmlbuilder": "~9.0.1"
            }
        },
        "xmlbuilder": {
            "version": "9.0.7",
            "resolved": "https://registry.npmjs.org/xmlbuilder/-/xmlbuilder-9.0.7.tgz",
            "integrity": "sha1-Ey7mPS7FVlxVfiD0wi35rKaGsQ0=",
            "dev": true
        }
    }
}
